// !$*UTF8*$!
{
	archiveVersion = 1;
	classes = {
	};
	objectVersion = 50;
	objects = {

/* Begin PBXBuildFile section */
		44A002F8265EA1E6001DE992 /* AppDelegate.swift in Sources */ = {isa = PBXBuildFile; fileRef = 44A002F7265EA1E6001DE992 /* AppDelegate.swift */; };
		44A002FA265EA1E6001DE992 /* SceneDelegate.swift in Sources */ = {isa = PBXBuildFile; fileRef = 44A002F9265EA1E6001DE992 /* SceneDelegate.swift */; };
		44A002FC265EA1E6001DE992 /* ViewController.swift in Sources */ = {isa = PBXBuildFile; fileRef = 44A002FB265EA1E6001DE992 /* ViewController.swift */; };
		44A002FF265EA1E6001DE992 /* Main.storyboard in Resources */ = {isa = PBXBuildFile; fileRef = 44A002FD265EA1E6001DE992 /* Main.storyboard */; };
		44A00301265EA1E9001DE992 /* Assets.xcassets in Resources */ = {isa = PBXBuildFile; fileRef = 44A00300265EA1E9001DE992 /* Assets.xcassets */; };
		44A00304265EA1E9001DE992 /* LaunchScreen.storyboard in Resources */ = {isa = PBXBuildFile; fileRef = 44A00302265EA1E9001DE992 /* LaunchScreen.storyboard */; };
		44A0030F265EA1E9001DE992 /* Auto_Layout_DemoTests.swift in Sources */ = {isa = PBXBuildFile; fileRef = 44A0030E265EA1E9001DE992 /* Auto_Layout_DemoTests.swift */; };
		44A0031A265EA1E9001DE992 /* Auto_Layout_DemoUITests.swift in Sources */ = {isa = PBXBuildFile; fileRef = 44A00319265EA1E9001DE992 /* Auto_Layout_DemoUITests.swift */; };
/* End PBXBuildFile section */

/* Begin PBXContainerItemProxy section */
		44A0030B265EA1E9001DE992 /* PBXContainerItemProxy */ = {
			isa = PBXContainerItemProxy;
			containerPortal = 44A002EC265EA1E6001DE992 /* Project object */;
			proxyType = 1;
			remoteGlobalIDString = 44A002F3265EA1E6001DE992;
			remoteInfo = "Auto Layout Demo";
		};
		44A00316265EA1E9001DE992 /* PBXContainerItemProxy */ = {
			isa = PBXContainerItemProxy;
			containerPortal = 44A002EC265EA1E6001DE992 /* Project object */;
			proxyType = 1;
			remoteGlobalIDString = 44A002F3265EA1E6001DE992;
			remoteInfo = "Auto Layout Demo";
		};
/* End PBXContainerItemProxy section */

/* Begin PBXFileReference section */
		44A002F4265EA1E6001DE992 /* Auto Layout Demo.app */ = {isa = PBXFileReference; explicitFileType = wrapper.application; includeInIndex = 0; path = "Auto Layout Demo.app"; sourceTree = BUILT_PRODUCTS_DIR; };
		44A002F7265EA1E6001DE992 /* AppDelegate.swift */ = {isa = PBXFileReference; lastKnownFileType = sourcecode.swift; path = AppDelegate.swift; sourceTree = "<group>"; };
		44A002F9265EA1E6001DE992 /* SceneDelegate.swift */ = {isa = PBXFileReference; lastKnownFileType = sourcecode.swift; path = SceneDelegate.swift; sourceTree = "<group>"; };
		44A002FB265EA1E6001DE992 /* ViewController.swift */ = {isa = PBXFileReference; lastKnownFileType = sourcecode.swift; path = ViewController.swift; sourceTree = "<group>"; };
		44A002FE265EA1E6001DE992 /* Base */ = {isa = PBXFileReference; lastKnownFileType = file.storyboard; name = Base; path = Base.lproj/Main.storyboard; sourceTree = "<group>"; };
		44A00300265EA1E9001DE992 /* Assets.xcassets */ = {isa = PBXFileReference; lastKnownFileType = folder.assetcatalog; path = Assets.xcassets; sourceTree = "<group>"; };
		44A00303265EA1E9001DE992 /* Base */ = {isa = PBXFileReference; lastKnownFileType = file.storyboard; name = Base; path = Base.lproj/LaunchScreen.storyboard; sourceTree = "<group>"; };
		44A00305265EA1E9001DE992 /* Info.plist */ = {isa = PBXFileReference; lastKnownFileType = text.plist.xml; path = Info.plist; sourceTree = "<group>"; };
		44A0030A265EA1E9001DE992 /* Auto Layout DemoTests.xctest */ = {isa = PBXFileReference; explicitFileType = wrapper.cfbundle; includeInIndex = 0; path = "Auto Layout DemoTests.xctest"; sourceTree = BUILT_PRODUCTS_DIR; };
		44A0030E265EA1E9001DE992 /* Auto_Layout_DemoTests.swift */ = {isa = PBXFileReference; lastKnownFileType = sourcecode.swift; path = Auto_Layout_DemoTests.swift; sourceTree = "<group>"; };
		44A00310265EA1E9001DE992 /* Info.plist */ = {isa = PBXFileReference; lastKnownFileType = text.plist.xml; path = Info.plist; sourceTree = "<group>"; };
		44A00315265EA1E9001DE992 /* Auto Layout DemoUITests.xctest */ = {isa = PBXFileReference; explicitFileType = wrapper.cfbundle; includeInIndex = 0; path = "Auto Layout DemoUITests.xctest"; sourceTree = BUILT_PRODUCTS_DIR; };
		44A00319265EA1E9001DE992 /* Auto_Layout_DemoUITests.swift */ = {isa = PBXFileReference; lastKnownFileType = sourcecode.swift; path = Auto_Layout_DemoUITests.swift; sourceTree = "<group>"; };
		44A0031B265EA1E9001DE992 /* Info.plist */ = {isa = PBXFileReference; lastKnownFileType = text.plist.xml; path = Info.plist; sourceTree = "<group>"; };
/* End PBXFileReference section */

/* Begin PBXFrameworksBuildPhase section */
		44A002F1265EA1E6001DE992 /* Frameworks */ = {
			isa = PBXFrameworksBuildPhase;
			buildActionMask = 2147483647;
			files = (
			);
			runOnlyForDeploymentPostprocessing = 0;
		};
		44A00307265EA1E9001DE992 /* Frameworks */ = {
			isa = PBXFrameworksBuildPhase;
			buildActionMask = 2147483647;
			files = (
			);
			runOnlyForDeploymentPostprocessing = 0;
		};
		44A00312265EA1E9001DE992 /* Frameworks */ = {
			isa = PBXFrameworksBuildPhase;
			buildActionMask = 2147483647;
			files = (
			);
			runOnlyForDeploymentPostprocessing = 0;
		};
/* End PBXFrameworksBuildPhase section */

/* Begin PBXGroup section */
		44A002EB265EA1E6001DE992 = {
			isa = PBXGroup;
			children = (
				44A002F6265EA1E6001DE992 /* Auto Layout Demo */,
				44A0030D265EA1E9001DE992 /* Auto Layout DemoTests */,
				44A00318265EA1E9001DE992 /* Auto Layout DemoUITests */,
				44A002F5265EA1E6001DE992 /* Products */,
			);
			sourceTree = "<group>";
		};
		44A002F5265EA1E6001DE992 /* Products */ = {
			isa = PBXGroup;
			children = (
				44A002F4265EA1E6001DE992 /* Auto Layout Demo.app */,
				44A0030A265EA1E9001DE992 /* Auto Layout DemoTests.xctest */,
				44A00315265EA1E9001DE992 /* Auto Layout DemoUITests.xctest */,
			);
			name = Products;
			sourceTree = "<group>";
		};
		44A002F6265EA1E6001DE992 /* Auto Layout Demo */ = {
			isa = PBXGroup;
			children = (
				44A002F7265EA1E6001DE992 /* AppDelegate.swift */,
				44A002F9265EA1E6001DE992 /* SceneDelegate.swift */,
				44A002FB265EA1E6001DE992 /* ViewController.swift */,
				44A002FD265EA1E6001DE992 /* Main.storyboard */,
				44A00300265EA1E9001DE992 /* Assets.xcassets */,
				44A00302265EA1E9001DE992 /* LaunchScreen.storyboard */,
				44A00305265EA1E9001DE992 /* Info.plist */,
			);
			path = "Auto Layout Demo";
			sourceTree = "<group>";
		};
		44A0030D265EA1E9001DE992 /* Auto Layout DemoTests */ = {
			isa = PBXGroup;
			children = (
				44A0030E265EA1E9001DE992 /* Auto_Layout_DemoTests.swift */,
				44A00310265EA1E9001DE992 /* Info.plist */,
			);
			path = "Auto Layout DemoTests";
			sourceTree = "<group>";
		};
		44A00318265EA1E9001DE992 /* Auto Layout DemoUITests */ = {
			isa = PBXGroup;
			children = (
				44A00319265EA1E9001DE992 /* Auto_Layout_DemoUITests.swift */,
				44A0031B265EA1E9001DE992 /* Info.plist */,
			);
			path = "Auto Layout DemoUITests";
			sourceTree = "<group>";
		};
/* End PBXGroup section */

/* Begin PBXNativeTarget section */
		44A002F3265EA1E6001DE992 /* Auto Layout Demo */ = {
			isa = PBXNativeTarget;
			buildConfigurationList = 44A0031E265EA1E9001DE992 /* Build configuration list for PBXNativeTarget "Auto Layout Demo" */;
			buildPhases = (
				44A002F0265EA1E6001DE992 /* Sources */,
				44A002F1265EA1E6001DE992 /* Frameworks */,
				44A002F2265EA1E6001DE992 /* Resources */,
			);
			buildRules = (
			);
			dependencies = (
			);
			name = "Auto Layout Demo";
			productName = "Auto Layout Demo";
			productReference = 44A002F4265EA1E6001DE992 /* Auto Layout Demo.app */;
			productType = "com.apple.product-type.application";
		};
		44A00309265EA1E9001DE992 /* Auto Layout DemoTests */ = {
			isa = PBXNativeTarget;
			buildConfigurationList = 44A00321265EA1E9001DE992 /* Build configuration list for PBXNativeTarget "Auto Layout DemoTests" */;
			buildPhases = (
				44A00306265EA1E9001DE992 /* Sources */,
				44A00307265EA1E9001DE992 /* Frameworks */,
				44A00308265EA1E9001DE992 /* Resources */,
			);
			buildRules = (
			);
			dependencies = (
				44A0030C265EA1E9001DE992 /* PBXTargetDependency */,
			);
			name = "Auto Layout DemoTests";
			productName = "Auto Layout DemoTests";
			productReference = 44A0030A265EA1E9001DE992 /* Auto Layout DemoTests.xctest */;
			productType = "com.apple.product-type.bundle.unit-test";
		};
		44A00314265EA1E9001DE992 /* Auto Layout DemoUITests */ = {
			isa = PBXNativeTarget;
			buildConfigurationList = 44A00324265EA1E9001DE992 /* Build configuration list for PBXNativeTarget "Auto Layout DemoUITests" */;
			buildPhases = (
				44A00311265EA1E9001DE992 /* Sources */,
				44A00312265EA1E9001DE992 /* Frameworks */,
				44A00313265EA1E9001DE992 /* Resources */,
			);
			buildRules = (
			);
			dependencies = (
				44A00317265EA1E9001DE992 /* PBXTargetDependency */,
			);
			name = "Auto Layout DemoUITests";
			productName = "Auto Layout DemoUITests";
			productReference = 44A00315265EA1E9001DE992 /* Auto Layout DemoUITests.xctest */;
			productType = "com.apple.product-type.bundle.ui-testing";
		};
/* End PBXNativeTarget section */

/* Begin PBXProject section */
		44A002EC265EA1E6001DE992 /* Project object */ = {
			isa = PBXProject;
			attributes = {
				LastSwiftUpdateCheck = 1250;
				LastUpgradeCheck = 1250;
				TargetAttributes = {
					44A002F3265EA1E6001DE992 = {
						CreatedOnToolsVersion = 12.5;
					};
					44A00309265EA1E9001DE992 = {
						CreatedOnToolsVersion = 12.5;
						TestTargetID = 44A002F3265EA1E6001DE992;
					};
					44A00314265EA1E9001DE992 = {
						CreatedOnToolsVersion = 12.5;
						TestTargetID = 44A002F3265EA1E6001DE992;
					};
				};
			};
			buildConfigurationList = 44A002EF265EA1E6001DE992 /* Build configuration list for PBXProject "Auto Layout Demo" */;
			compatibilityVersion = "Xcode 9.3";
			developmentRegion = en;
			hasScannedForEncodings = 0;
			knownRegions = (
				en,
				Base,
			);
			mainGroup = 44A002EB265EA1E6001DE992;
			productRefGroup = 44A002F5265EA1E6001DE992 /* Products */;
			projectDirPath = "";
			projectRoot = "";
			targets = (
				44A002F3265EA1E6001DE992 /* Auto Layout Demo */,
				44A00309265EA1E9001DE992 /* Auto Layout DemoTests */,
				44A00314265EA1E9001DE992 /* Auto Layout DemoUITests */,
			);
		};
/* End PBXProject section */

/* Begin PBXResourcesBuildPhase section */
		44A002F2265EA1E6001DE992 /* Resources */ = {
			isa = PBXResourcesBuildPhase;
			buildActionMask = 2147483647;
			files = (
				44A00304265EA1E9001DE992 /* LaunchScreen.storyboard in Resources */,
				44A00301265EA1E9001DE992 /* Assets.xcassets in Resources */,
				44A002FF265EA1E6001DE992 /* Main.storyboard in Resources */,
			);
			runOnlyForDeploymentPostprocessing = 0;
		};
		44A00308265EA1E9001DE992 /* Resources */ = {
			isa = PBXResourcesBuildPhase;
			buildActionMask = 2147483647;
			files = (
			);
			runOnlyForDeploymentPostprocessing = 0;
		};
		44A00313265EA1E9001DE992 /* Resources */ = {
			isa = PBXResourcesBuildPhase;
			buildActionMask = 2147483647;
			files = (
			);
			runOnlyForDeploymentPostprocessing = 0;
		};
/* End PBXResourcesBuildPhase section */

/* Begin PBXSourcesBuildPhase section */
		44A002F0265EA1E6001DE992 /* Sources */ = {
			isa = PBXSourcesBuildPhase;
			buildActionMask = 2147483647;
			files = (
				44A002FC265EA1E6001DE992 /* ViewController.swift in Sources */,
				44A002F8265EA1E6001DE992 /* AppDelegate.swift in Sources */,
				44A002FA265EA1E6001DE992 /* SceneDelegate.swift in Sources */,
			);
			runOnlyForDeploymentPostprocessing = 0;
		};
		44A00306265EA1E9001DE992 /* Sources */ = {
			isa = PBXSourcesBuildPhase;
			buildActionMask = 2147483647;
			files = (
				44A0030F265EA1E9001DE992 /* Auto_Layout_DemoTests.swift in Sources */,
			);
			runOnlyForDeploymentPostprocessing = 0;
		};
		44A00311265EA1E9001DE992 /* Sources */ = {
			isa = PBXSourcesBuildPhase;
			buildActionMask = 2147483647;
			files = (
				44A0031A265EA1E9001DE992 /* Auto_Layout_DemoUITests.swift in Sources */,
			);
			runOnlyForDeploymentPostprocessing = 0;
		};
/* End PBXSourcesBuildPhase section */

/* Begin PBXTargetDependency section */
		44A0030C265EA1E9001DE992 /* PBXTargetDependency */ = {
			isa = PBXTargetDependency;
			target = 44A002F3265EA1E6001DE992 /* Auto Layout Demo */;
			targetProxy = 44A0030B265EA1E9001DE992 /* PBXContainerItemProxy */;
		};
		44A00317265EA1E9001DE992 /* PBXTargetDependency */ = {
			isa = PBXTargetDependency;
			target = 44A002F3265EA1E6001DE992 /* Auto Layout Demo */;
			targetProxy = 44A00316265EA1E9001DE992 /* PBXContainerItemProxy */;
		};
/* End PBXTargetDependency section */

/* Begin PBXVariantGroup section */
		44A002FD265EA1E6001DE992 /* Main.storyboard */ = {
			isa = PBXVariantGroup;
			children = (
				44A002FE265EA1E6001DE992 /* Base */,
			);
			name = Main.storyboard;
			sourceTree = "<group>";
		};
		44A00302265EA1E9001DE992 /* LaunchScreen.storyboard */ = {
			isa = PBXVariantGroup;
			children = (
				44A00303265EA1E9001DE992 /* Base */,
			);
			name = LaunchScreen.storyboard;
			sourceTree = "<group>";
		};
/* End PBXVariantGroup section */

/* Begin XCBuildConfiguration section */
		44A0031C265EA1E9001DE992 /* Debug */ = {
			isa = XCBuildConfiguration;
			buildSettings = {
				ALWAYS_SEARCH_USER_PATHS = NO;
				CLANG_ANALYZER_NONNULL = YES;
				CLANG_ANALYZER_NUMBER_OBJECT_CONVERSION = YES_AGGRESSIVE;
				CLANG_CXX_LANGUAGE_STANDARD = "gnu++14";
				CLANG_CXX_LIBRARY = "libc++";
				CLANG_ENABLE_MODULES = YES;
				CLANG_ENABLE_OBJC_ARC = YES;
				CLANG_ENABLE_OBJC_WEAK = YES;
				CLANG_WARN_BLOCK_CAPTURE_AUTORELEASING = YES;
				CLANG_WARN_BOOL_CONVERSION = YES;
				CLANG_WARN_COMMA = YES;
				CLANG_WARN_CONSTANT_CONVERSION = YES;
				CLANG_WARN_DEPRECATED_OBJC_IMPLEMENTATIONS = YES;
				CLANG_WARN_DIRECT_OBJC_ISA_USAGE = YES_ERROR;
				CLANG_WARN_DOCUMENTATION_COMMENTS = YES;
				CLANG_WARN_EMPTY_BODY = YES;
				CLANG_WARN_ENUM_CONVERSION = YES;
				CLANG_WARN_INFINITE_RECURSION = YES;
				CLANG_WARN_INT_CONVERSION = YES;
				CLANG_WARN_NON_LITERAL_NULL_CONVERSION = YES;
				CLANG_WARN_OBJC_IMPLICIT_RETAIN_SELF = YES;
				CLANG_WARN_OBJC_LITERAL_CONVERSION = YES;
				CLANG_WARN_OBJC_ROOT_CLASS = YES_ERROR;
				CLANG_WARN_QUOTED_INCLUDE_IN_FRAMEWORK_HEADER = YES;
				CLANG_WARN_RANGE_LOOP_ANALYSIS = YES;
				CLANG_WARN_STRICT_PROTOTYPES = YES;
				CLANG_WARN_SUSPICIOUS_MOVE = YES;
				CLANG_WARN_UNGUARDED_AVAILABILITY = YES_AGGRESSIVE;
				CLANG_WARN_UNREACHABLE_CODE = YES;
				CLANG_WARN__DUPLICATE_METHOD_MATCH = YES;
				COPY_PHASE_STRIP = NO;
				DEBUG_INFORMATION_FORMAT = dwarf;
				ENABLE_STRICT_OBJC_MSGSEND = YES;
				ENABLE_TESTABILITY = YES;
				GCC_C_LANGUAGE_STANDARD = gnu11;
				GCC_DYNAMIC_NO_PIC = NO;
				GCC_NO_COMMON_BLOCKS = YES;
				GCC_OPTIMIZATION_LEVEL = 0;
				GCC_PREPROCESSOR_DEFINITIONS = (
					"DEBUG=1",
					"$(inherited)",
				);
				GCC_WARN_64_TO_32_BIT_CONVERSION = YES;
				GCC_WARN_ABOUT_RETURN_TYPE = YES_ERROR;
				GCC_WARN_UNDECLARED_SELECTOR = YES;
				GCC_WARN_UNINITIALIZED_AUTOS = YES_AGGRESSIVE;
				GCC_WARN_UNUSED_FUNCTION = YES;
				GCC_WARN_UNUSED_VARIABLE = YES;
				IPHONEOS_DEPLOYMENT_TARGET = 14.5;
				MTL_ENABLE_DEBUG_INFO = INCLUDE_SOURCE;
				MTL_FAST_MATH = YES;
				ONLY_ACTIVE_ARCH = YES;
				SDKROOT = iphoneos;
				SWIFT_ACTIVE_COMPILATION_CONDITIONS = DEBUG;
				SWIFT_OPTIMIZATION_LEVEL = "-Onone";
			};
			name = Debug;
		};
		44A0031D265EA1E9001DE992 /* Release */ = {
			isa = XCBuildConfiguration;
			buildSettings = {
				ALWAYS_SEARCH_USER_PATHS = NO;
				CLANG_ANALYZER_NONNULL = YES;
				CLANG_ANALYZER_NUMBER_OBJECT_CONVERSION = YES_AGGRESSIVE;
				CLANG_CXX_LANGUAGE_STANDARD = "gnu++14";
				CLANG_CXX_LIBRARY = "libc++";
				CLANG_ENABLE_MODULES = YES;
				CLANG_ENABLE_OBJC_ARC = YES;
				CLANG_ENABLE_OBJC_WEAK = YES;
				CLANG_WARN_BLOCK_CAPTURE_AUTORELEASING = YES;
				CLANG_WARN_BOOL_CONVERSION = YES;
				CLANG_WARN_COMMA = YES;
				CLANG_WARN_CONSTANT_CONVERSION = YES;
				CLANG_WARN_DEPRECATED_OBJC_IMPLEMENTATIONS = YES;
				CLANG_WARN_DIRECT_OBJC_ISA_USAGE = YES_ERROR;
				CLANG_WARN_DOCUMENTATION_COMMENTS = YES;
				CLANG_WARN_EMPTY_BODY = YES;
				CLANG_WARN_ENUM_CONVERSION = YES;
				CLANG_WARN_INFINITE_RECURSION = YES;
				CLANG_WARN_INT_CONVERSION = YES;
				CLANG_WARN_NON_LITERAL_NULL_CONVERSION = YES;
				CLANG_WARN_OBJC_IMPLICIT_RETAIN_SELF = YES;
				CLANG_WARN_OBJC_LITERAL_CONVERSION = YES;
				CLANG_WARN_OBJC_ROOT_CLASS = YES_ERROR;
				CLANG_WARN_QUOTED_INCLUDE_IN_FRAMEWORK_HEADER = YES;
				CLANG_WARN_RANGE_LOOP_ANALYSIS = YES;
				CLANG_WARN_STRICT_PROTOTYPES = YES;
				CLANG_WARN_SUSPICIOUS_MOVE = YES;
				CLANG_WARN_UNGUARDED_AVAILABILITY = YES_AGGRESSIVE;
				CLANG_WARN_UNREACHABLE_CODE = YES;
				CLANG_WARN__DUPLICATE_METHOD_MATCH = YES;
				COPY_PHASE_STRIP = NO;
				DEBUG_INFORMATION_FORMAT = "dwarf-with-dsym";
				ENABLE_NS_ASSERTIONS = NO;
				ENABLE_STRICT_OBJC_MSGSEND = YES;
				GCC_C_LANGUAGE_STANDARD = gnu11;
				GCC_NO_COMMON_BLOCKS = YES;
				GCC_WARN_64_TO_32_BIT_CONVERSION = YES;
				GCC_WARN_ABOUT_RETURN_TYPE = YES_ERROR;
				GCC_WARN_UNDECLARED_SELECTOR = YES;
				GCC_WARN_UNINITIALIZED_AUTOS = YES_AGGRESSIVE;
				GCC_WARN_UNUSED_FUNCTION = YES;
				GCC_WARN_UNUSED_VARIABLE = YES;
				IPHONEOS_DEPLOYMENT_TARGET = 14.5;
				MTL_ENABLE_DEBUG_INFO = NO;
				MTL_FAST_MATH = YES;
				SDKROOT = iphoneos;
				SWIFT_COMPILATION_MODE = wholemodule;
				SWIFT_OPTIMIZATION_LEVEL = "-O";
				VALIDATE_PRODUCT = YES;
			};
			name = Release;
		};
		44A0031F265EA1E9001DE992 /* Debug */ = {
			isa = XCBuildConfiguration;
			buildSettings = {
				ASSETCATALOG_COMPILER_APPICON_NAME = AppIcon;
				ASSETCATALOG_COMPILER_GLOBAL_ACCENT_COLOR_NAME = AccentColor;
				CODE_SIGN_STYLE = Automatic;
				INFOPLIST_FILE = "Auto Layout Demo/Info.plist";
				LD_RUNPATH_SEARCH_PATHS = (
					"$(inherited)",
					"@executable_path/Frameworks",
				);
				PRODUCT_BUNDLE_IDENTIFIER = "com.henry-doan.Auto-Layout-Demo";
				PRODUCT_NAME = "$(TARGET_NAME)";
				SWIFT_VERSION = 5.0;
				TARGETED_DEVICE_FAMILY = "1,2";
			};
			name = Debug;
		};
		44A00320265EA1E9001DE992 /* Release */ = {
			isa = XCBuildConfiguration;
			buildSettings = {
				ASSETCATALOG_COMPILER_APPICON_NAME = AppIcon;
				ASSETCATALOG_COMPILER_GLOBAL_ACCENT_COLOR_NAME = AccentColor;
				CODE_SIGN_STYLE = Automatic;
				INFOPLIST_FILE = "Auto Layout Demo/Info.plist";
				LD_RUNPATH_SEARCH_PATHS = (
					"$(inherited)",
					"@executable_path/Frameworks",
				);
				PRODUCT_BUNDLE_IDENTIFIER = "com.henry-doan.Auto-Layout-Demo";
				PRODUCT_NAME = "$(TARGET_NAME)";
				SWIFT_VERSION = 5.0;
				TARGETED_DEVICE_FAMILY = "1,2";
			};
			name = Release;
		};
		44A00322265EA1E9001DE992 /* Debug */ = {
			isa = XCBuildConfiguration;
			buildSettings = {
				ALWAYS_EMBED_SWIFT_STANDARD_LIBRARIES = YES;
				BUNDLE_LOADER = "$(TEST_HOST)";
				CODE_SIGN_STYLE = Automatic;
				INFOPLIST_FILE = "Auto Layout DemoTests/Info.plist";
				IPHONEOS_DEPLOYMENT_TARGET = 14.5;
				LD_RUNPATH_SEARCH_PATHS = (
					"$(inherited)",
					"@executable_path/Frameworks",
					"@loader_path/Frameworks",
				);
				PRODUCT_BUNDLE_IDENTIFIER = "com.henry-doan.Auto-Layout-DemoTests";
				PRODUCT_NAME = "$(TARGET_NAME)";
				SWIFT_VERSION = 5.0;
				TARGETED_DEVICE_FAMILY = "1,2";
				TEST_HOST = "$(BUILT_PRODUCTS_DIR)/Auto Layout Demo.app/Auto Layout Demo";
			};
			name = Debug;
		};
		44A00323265EA1E9001DE992 /* Release */ = {
			isa = XCBuildConfiguration;
			buildSettings = {
				ALWAYS_EMBED_SWIFT_STANDARD_LIBRARIES = YES;
				BUNDLE_LOADER = "$(TEST_HOST)";
				CODE_SIGN_STYLE = Automatic;
				INFOPLIST_FILE = "Auto Layout DemoTests/Info.plist";
				IPHONEOS_DEPLOYMENT_TARGET = 14.5;
				LD_RUNPATH_SEARCH_PATHS = (
					"$(inherited)",
					"@executable_path/Frameworks",
					"@loader_path/Frameworks",
				);
				PRODUCT_BUNDLE_IDENTIFIER = "com.henry-doan.Auto-Layout-DemoTests";
				PRODUCT_NAME = "$(TARGET_NAME)";
				SWIFT_VERSION = 5.0;
				TARGETED_DEVICE_FAMILY = "1,2";
				TEST_HOST = "$(BUILT_PRODUCTS_DIR)/Auto Layout Demo.app/Auto Layout Demo";
			};
			name = Release;
		};
		44A00325265EA1E9001DE992 /* Debug */ = {
			isa = XCBuildConfiguration;
			buildSettings = {
				ALWAYS_EMBED_SWIFT_STANDARD_LIBRARIES = YES;
				CODE_SIGN_STYLE = Automatic;
				INFOPLIST_FILE = "Auto Layout DemoUITests/Info.plist";
				LD_RUNPATH_SEARCH_PATHS = (
					"$(inherited)",
					"@executable_path/Frameworks",
					"@loader_path/Frameworks",
				);
				PRODUCT_BUNDLE_IDENTIFIER = "com.henry-doan.Auto-Layout-DemoUITests";
				PRODUCT_NAME = "$(TARGET_NAME)";
				SWIFT_VERSION = 5.0;
				TARGETED_DEVICE_FAMILY = "1,2";
				TEST_TARGET_NAME = "Auto Layout Demo";
			};
			name = Debug;
		};
		44A00326265EA1E9001DE992 /* Release */ = {
			isa = XCBuildConfiguration;
			buildSettings = {
				ALWAYS_EMBED_SWIFT_STANDARD_LIBRARIES = YES;
				CODE_SIGN_STYLE = Automatic;
				INFOPLIST_FILE = "Auto Layout DemoUITests/Info.plist";
				LD_RUNPATH_SEARCH_PATHS = (
					"$(inherited)",
					"@executable_path/Frameworks",
					"@loader_path/Frameworks",
				);
				PRODUCT_BUNDLE_IDENTIFIER = "com.henry-doan.Auto-Layout-DemoUITests";
				PRODUCT_NAME = "$(TARGET_NAME)";
				SWIFT_VERSION = 5.0;
				TARGETED_DEVICE_FAMILY = "1,2";
				TEST_TARGET_NAME = "Auto Layout Demo";
			};
			name = Release;
		};
/* End XCBuildConfiguration section */

/* Begin XCConfigurationList section */
		44A002EF265EA1E6001DE992 /* Build configuration list for PBXProject "Auto Layout Demo" */ = {
			isa = XCConfigurationList;
			buildConfigurations = (
				44A0031C265EA1E9001DE992 /* Debug */,
				44A0031D265EA1E9001DE992 /* Release */,
			);
			defaultConfigurationIsVisible = 0;
			defaultConfigurationName = Release;
		};
		44A0031E265EA1E9001DE992 /* Build configuration list for PBXNativeTarget "Auto Layout Demo" */ = {
			isa = XCConfigurationList;
			buildConfigurations = (
				44A0031F265EA1E9001DE992 /* Debug */,
				44A00320265EA1E9001DE992 /* Release */,
			);
			defaultConfigurationIsVisible = 0;
			defaultConfigurationName = Release;
		};
		44A00321265EA1E9001DE992 /* Build configuration list for PBXNativeTarget "Auto Layout DemoTests" */ = {
			isa = XCConfigurationList;
			buildConfigurations = (
				44A00322265EA1E9001DE992 /* Debug */,
				44A00323265EA1E9001DE992 /* Release */,
			);
			defaultConfigurationIsVisible = 0;
			defaultConfigurationName = Release;
		};
		44A00324265EA1E9001DE992 /* Build configuration list for PBXNativeTarget "Auto Layout DemoUITests" */ = {
			isa = XCConfigurationList;
			buildConfigurations = (
				44A00325265EA1E9001DE992 /* Debug */,
				44A00326265EA1E9001DE992 /* Release */,
			);
			defaultConfigurationIsVisible = 0;
			defaultConfigurationName = Release;
		};
/* End XCConfigurationList section */
	};
	rootObject = 44A002EC265EA1E6001DE992 /* Project object */;
}
